
Microsoft Visual Studio Solution File, Format Version 12.00
# Visual Studio Version 16
VisualStudioVersion = 16.0.31321.278
MinimumVisualStudioVersion = 10.0.40219.1
Project("{FAE04EC0-301F-11D3-BF4B-00C04F79EFBC}") = "WindowsFormsApp1", "WindowsFormsApp1\WindowsFormsApp1.csproj", "{BC39C3F6-37EA-4046-8DF2-243BBC2F590E}"
EndProject
Global
	GlobalSection(SolutionConfigurationPlatforms) = preSolution
		Debug|Any CPU = Debug|Any CPU
		Release|Any CPU = Release|Any CPU
	EndGlobalSection
	GlobalSection(ProjectConfigurationPlatforms) = postSolution
		{BC39C3F6-37EA-4046-8DF2-243BBC2F590E}.Debug|Any CPU.ActiveCfg = Debug|Any CPU
		{BC39C3F6-37EA-4046-8DF2-243BBC2F590E}.Debug|Any CPU.Build.0 = Debug|Any CPU
		{BC39C3F6-37EA-4046-8DF2-243BBC2F590E}.Release|Any CPU.ActiveCfg = Release|Any CPU
		{BC39C3F6-37EA-4046-8DF2-243BBC2F590E}.Release|Any CPU.Build.0 = Release|Any CPU
	EndGlobalSection
	GlobalSection(SolutionProperties) = preSolution
		HideSolutionNode = FALSE
	EndGlobalSection
	GlobalSection(ExtensibilityGlobals) = postSolution
		SolutionGuid = {E22065DE-3114-4744-B2D1-3DB5CBE89366}
	EndGlobalSection
EndGlobal
